Microsoft Visual Studio Solution File, Format Version 11.00
# Visual Studio 2008

Project("{7D84A7F0-EBBC-75C9-98CC-F17B1271D4C5}") = "unity3d-simple-login", "Assembly-CSharp-vs.csproj", "{FC504787-1EEE-2B2B-3733-D65B4F3EB026}"
EndProject
Global
	GlobalSection(SolutionConfigurationPlatforms) = preSolution
		Debug|Any CPU = Debug|Any CPU
		Release|Any CPU = Release|Any CPU
	EndGlobalSection
	GlobalSection(ProjectConfigurationPlatforms) = postSolution
		{FC504787-1EEE-2B2B-3733-D65B4F3EB026}.Debug|Any CPU.ActiveCfg = Debug|Any CPU
		{FC504787-1EEE-2B2B-3733-D65B4F3EB026}.Debug|Any CPU.Build.0 = Debug|Any CPU
		{FC504787-1EEE-2B2B-3733-D65B4F3EB026}.Release|Any CPU.ActiveCfg = Release|Any CPU
		{FC504787-1EEE-2B2B-3733-D65B4F3EB026}.Release|Any CPU.Build.0 = Release|Any CPU
	EndGlobalSection
	GlobalSection(SolutionProperties) = preSolution
		HideSolutionNode = FALSE
	EndGlobalSection
		GlobalSection(MonoDevelopProperties) = preSolution
		StartupItem = Assembly-CSharp.csproj
		Policies = $0
		$0.TextStylePolicy = $1
		$1.inheritsSet = null
		$1.scope = text/x-csharp
		$0.CSharpFormattingPolicy = $2
		$2.inheritsSet = Mono
		$2.inheritsScope = text/x-csharp
		$2.scope = text/x-csharp
		$0.TextStylePolicy = $3
		$3.FileWidth = 120
		$3.TabWidth = 4
		$3.EolMarker = Unix
		$3.inheritsSet = Mono
		$3.inheritsScope = text/plain
		$3.scope = text/plain
	EndGlobalSection

EndGlobal
